{
  "name": "CS5513-Week01-40-DianaGomez7",
  "version": "1.0.0",
  "lockfileVersion": 1,
  "requires": true,
  "dependencies": {
    "img": {
      "version": "3.0.3",
      "resolved": "https://registry.npmjs.org/img/-/img-3.0.3.tgz",
      "integrity": "sha512-+JmjCiDWBFyxwAZGKpNhgnpfM/AoFqLgl5SYRARp3q35uiQTWrP/iPQMJveiqhq0D5xhZDWOT17IE6TG5l4MWw=="
    }
  }
}
